
Microsoft Visual Studio Solution File, Format Version 12.00
# Visual Studio Version 16
VisualStudioVersion = 16.0.29519.87
MinimumVisualStudioVersion = 10.0.40219.1
Project("{FAE04EC0-301F-11D3-BF4B-00C04F79EFBC}") = "RealEstateWebAPI", "RealEstateWebAPI\RealEstateWebAPI.csproj", "{FEE07179-4BCB-4F24-84A3-5D2C09C21877}"
EndProject
Global
	GlobalSection(SolutionConfigurationPlatforms) = preSolution
		Debug|Any CPU = Debug|Any CPU
		Release|Any CPU = Release|Any CPU
	EndGlobalSection
	GlobalSection(ProjectConfigurationPlatforms) = postSolution
		{FEE07179-4BCB-4F24-84A3-5D2C09C21877}.Debug|Any CPU.ActiveCfg = Debug|Any CPU
		{FEE07179-4BCB-4F24-84A3-5D2C09C21877}.Debug|Any CPU.Build.0 = Debug|Any CPU
		{FEE07179-4BCB-4F24-84A3-5D2C09C21877}.Release|Any CPU.ActiveCfg = Release|Any CPU
		{FEE07179-4BCB-4F24-84A3-5D2C09C21877}.Release|Any CPU.Build.0 = Release|Any CPU
	EndGlobalSection
	GlobalSection(SolutionProperties) = preSolution
		HideSolutionNode = FALSE
	EndGlobalSection
	GlobalSection(ExtensibilityGlobals) = postSolution
		SolutionGuid = {02C26CC8-0C44-468A-8EB9-BFD5899F157F}
	EndGlobalSection
EndGlobal
